
Microsoft Visual Studio Solution File, Format Version 12.00
# Visual Studio Version 17
VisualStudioVersion = 17.8.34322.80
MinimumVisualStudioVersion = 10.0.40219.1
Project("{8BC9CEB8-8B4A-11D0-8D11-00A0C91BC942}") = "Horizon Dawn Clouds", "Horizon Dawn Clouds.vcxproj", "{AD91E8E8-119D-4938-8FF9-E4C471E02B3C}"
EndProject
Global
	GlobalSection(SolutionConfigurationPlatforms) = preSolution
		Debug|x64 = Debug|x64
		Release|x64 = Release|x64
	EndGlobalSection
	GlobalSection(ProjectConfigurationPlatforms) = postSolution
		{AD91E8E8-119D-4938-8FF9-E4C471E02B3C}.Debug|x64.ActiveCfg = Debug|x64
		{AD91E8E8-119D-4938-8FF9-E4C471E02B3C}.Debug|x64.Build.0 = Debug|x64
		{AD91E8E8-119D-4938-8FF9-E4C471E02B3C}.Release|x64.ActiveCfg = Release|x64
		{AD91E8E8-119D-4938-8FF9-E4C471E02B3C}.Release|x64.Build.0 = Release|x64
	EndGlobalSection
	GlobalSection(SolutionProperties) = preSolution
		HideSolutionNode = FALSE
	EndGlobalSection
	GlobalSection(ExtensibilityGlobals) = postSolution
		SolutionGuid = {ABE2500B-4CC9-4C12-AEDC-05F508851890}
	EndGlobalSection
EndGlobal
